{
    "_readme": [
        "This file locks the dependencies of your project to a known state",
        "Read more about it at https://getcomposer.org/doc/01-basic-usage.md#installing-dependencies",
        "This file is @generated automatically"
    ],
    "content-hash": "50107312c98c000199ddfefd31db6574",
    "packages": [
        {
            "name": "lsolesen/pel",
            "version": "0.9.6",
            "source": {
                "type": "git",
                "url": "https://github.com/lsolesen/pel.git",
                "reference": "c9e3919f5db3b85c3c422d4f8d448dbcb2a87a23"
            },
            "dist": {
                "type": "zip",
                "url": "https://api.github.com/repos/lsolesen/pel/zipball/c9e3919f5db3b85c3c422d4f8d448dbcb2a87a23",
                "reference": "c9e3919f5db3b85c3c422d4f8d448dbcb2a87a23",
                "shasum": ""
            },
            "require": {
                "php": ">=5.0.0"
            },
            "require-dev": {
                "ext-gd": "*",
                "phpunit/phpunit": "5.7.*",
                "satooshi/php-coveralls": "1.0.*",
                "squizlabs/php_codesniffer": "3.0.0RC3"
            },
            "type": "library",
            "autoload": {
                "psr-4": {
                    "lsolesen\\pel\\": "src/"
                }
            },
            "notification-url": "https://packagist.org/downloads/",
            "license": [
                "GPL-2.0"
            ],
            "authors": [
                {
                    "name": "Lars Olesen",
                    "email": "lars@intraface.dk",
                    "homepage": "http://intraface.dk",
                    "role": "Developer"
                },
                {
                    "name": "Martin Geisler",
                    "email": "martin@geisler.net",
                    "homepage": "http://geisler.net",
                    "role": "Developer"
                }
            ],
            "description": "PHP Exif Library. A library for reading and writing Exif headers in JPEG and TIFF images using PHP.",
            "homepage": "http://lsolesen.github.com/pel/",
            "keywords": [
                "exif",
                "image"
            ],
            "time": "2017-02-03T11:58:58+00:00"
        }
    ],
    "packages-dev": [],
    "aliases": [],
    "minimum-stability": "stable",
    "stability-flags": [],
    "prefer-stable": false,
    "prefer-lowest": false,
    "platform": {
        "php": ">=5.4.0"
    },
    "platform-dev": []
}
